
Microsoft Visual Studio Solution File, Format Version 12.00
# Visual Studio Version 17
VisualStudioVersion = 17.14.37502.11 d17.14
MinimumVisualStudioVersion = 10.0.40219.1
Project("{F184B08F-C81C-45F6-A57F-5ABD9991F28F}") = "Logger", "Logger.vbproj", "{55CE904B-8959-4EC1-AABA-C22F99DAC2BF}"
EndProject
Global
	GlobalSection(SolutionConfigurationPlatforms) = preSolution
		Debug|Any CPU = Debug|Any CPU
		Release|Any CPU = Release|Any CPU
	EndGlobalSection
	GlobalSection(ProjectConfigurationPlatforms) = postSolution
		{55CE904B-8959-4EC1-AABA-C22F99DAC2BF}.Debug|Any CPU.ActiveCfg = Debug|Any CPU
		{55CE904B-8959-4EC1-AABA-C22F99DAC2BF}.Debug|Any CPU.Build.0 = Debug|Any CPU
		{55CE904B-8959-4EC1-AABA-C22F99DAC2BF}.Release|Any CPU.ActiveCfg = Release|Any CPU
		{55CE904B-8959-4EC1-AABA-C22F99DAC2BF}.Release|Any CPU.Build.0 = Release|Any CPU
	EndGlobalSection
	GlobalSection(SolutionProperties) = preSolution
		HideSolutionNode = FALSE
	EndGlobalSection
	GlobalSection(ExtensibilityGlobals) = postSolution
		SolutionGuid = {F8775B2F-623C-4917-94D9-F394EC512614}
	EndGlobalSection
EndGlobal
